
Microsoft Visual Studio Solution File, Format Version 12.00
# Visual Studio 15
VisualStudioVersion = 15.0.27004.2006
MinimumVisualStudioVersion = 10.0.40219.1
Project("{9A19103F-16F7-4668-BE54-9A1E7A4F7556}") = "PetsLostAndFound.Models", "PetsLostAndFound.Models\PetsLostAndFound.Models.csproj", "{018CCE14-C180-4DAE-A934-9BD3A8816A0C}"
EndProject
Project("{FAE04EC0-301F-11D3-BF4B-00C04F79EFBC}") = "PetsLostAndFound.Data", "PetsLostAndFound.Data\PetsLostAndFound.Data.csproj", "{FFD87A5F-15F6-46CE-8949-59A2245666C1}"
EndProject
Global
	GlobalSection(SolutionConfigurationPlatforms) = preSolution
		Debug|Any CPU = Debug|Any CPU
		Release|Any CPU = Release|Any CPU
	EndGlobalSection
	GlobalSection(ProjectConfigurationPlatforms) = postSolution
		{018CCE14-C180-4DAE-A934-9BD3A8816A0C}.Debug|Any CPU.ActiveCfg = Debug|Any CPU
		{018CCE14-C180-4DAE-A934-9BD3A8816A0C}.Debug|Any CPU.Build.0 = Debug|Any CPU
		{018CCE14-C180-4DAE-A934-9BD3A8816A0C}.Release|Any CPU.ActiveCfg = Release|Any CPU
		{018CCE14-C180-4DAE-A934-9BD3A8816A0C}.Release|Any CPU.Build.0 = Release|Any CPU
		{FFD87A5F-15F6-46CE-8949-59A2245666C1}.Debug|Any CPU.ActiveCfg = Debug|Any CPU
		{FFD87A5F-15F6-46CE-8949-59A2245666C1}.Debug|Any CPU.Build.0 = Debug|Any CPU
		{FFD87A5F-15F6-46CE-8949-59A2245666C1}.Release|Any CPU.ActiveCfg = Release|Any CPU
		{FFD87A5F-15F6-46CE-8949-59A2245666C1}.Release|Any CPU.Build.0 = Release|Any CPU
	EndGlobalSection
	GlobalSection(SolutionProperties) = preSolution
		HideSolutionNode = FALSE
	EndGlobalSection
	GlobalSection(ExtensibilityGlobals) = postSolution
		SolutionGuid = {2E4A0475-7329-4FD5-8219-F83D45C61154}
	EndGlobalSection
EndGlobal
