
Microsoft Visual Studio Solution File, Format Version 12.00
# Visual Studio 15
VisualStudioVersion = 15.0.27004.2006
MinimumVisualStudioVersion = 10.0.40219.1
Project("{9A19103F-16F7-4668-BE54-9A1E7A4F7556}") = "PetsLostAndFound.Web", "PetsLostAndFound.Web\PetsLostAndFound.Web.csproj", "{9F9FBAB9-C911-4657-8523-4E8FD3077724}"
EndProject
Project("{9A19103F-16F7-4668-BE54-9A1E7A4F7556}") = "PetsLostAndFound.Services", "PetsLostAndFound.Services\PetsLostAndFound.Services.csproj", "{6523D495-0140-48D4-8AFC-D6249B80A056}"
EndProject
Project("{9A19103F-16F7-4668-BE54-9A1E7A4F7556}") = "PetsLostAndFound.Common", "Pets.LostAndFound.Common\PetsLostAndFound.Common.csproj", "{88327B0F-385A-466A-86A7-054D681AC30F}"
EndProject
Project("{FAE04EC0-301F-11D3-BF4B-00C04F79EFBC}") = "PetsLostAndFound.Db", "PetsLostAndFound.Db\PetsLostAndFound.Db.csproj", "{23DBD926-E285-491C-9FA7-8FB6D46E94D9}"
EndProject
Global
	GlobalSection(SolutionConfigurationPlatforms) = preSolution
		Debug|Any CPU = Debug|Any CPU
		Release|Any CPU = Release|Any CPU
	EndGlobalSection
	GlobalSection(ProjectConfigurationPlatforms) = postSolution
		{9F9FBAB9-C911-4657-8523-4E8FD3077724}.Debug|Any CPU.ActiveCfg = Debug|Any CPU
		{9F9FBAB9-C911-4657-8523-4E8FD3077724}.Debug|Any CPU.Build.0 = Debug|Any CPU
		{9F9FBAB9-C911-4657-8523-4E8FD3077724}.Release|Any CPU.ActiveCfg = Release|Any CPU
		{9F9FBAB9-C911-4657-8523-4E8FD3077724}.Release|Any CPU.Build.0 = Release|Any CPU
		{6523D495-0140-48D4-8AFC-D6249B80A056}.Debug|Any CPU.ActiveCfg = Debug|Any CPU
		{6523D495-0140-48D4-8AFC-D6249B80A056}.Debug|Any CPU.Build.0 = Debug|Any CPU
		{6523D495-0140-48D4-8AFC-D6249B80A056}.Release|Any CPU.ActiveCfg = Release|Any CPU
		{6523D495-0140-48D4-8AFC-D6249B80A056}.Release|Any CPU.Build.0 = Release|Any CPU
		{88327B0F-385A-466A-86A7-054D681AC30F}.Debug|Any CPU.ActiveCfg = Debug|Any CPU
		{88327B0F-385A-466A-86A7-054D681AC30F}.Debug|Any CPU.Build.0 = Debug|Any CPU
		{88327B0F-385A-466A-86A7-054D681AC30F}.Release|Any CPU.ActiveCfg = Release|Any CPU
		{88327B0F-385A-466A-86A7-054D681AC30F}.Release|Any CPU.Build.0 = Release|Any CPU
		{23DBD926-E285-491C-9FA7-8FB6D46E94D9}.Debug|Any CPU.ActiveCfg = Debug|Any CPU
		{23DBD926-E285-491C-9FA7-8FB6D46E94D9}.Debug|Any CPU.Build.0 = Debug|Any CPU
		{23DBD926-E285-491C-9FA7-8FB6D46E94D9}.Release|Any CPU.ActiveCfg = Release|Any CPU
		{23DBD926-E285-491C-9FA7-8FB6D46E94D9}.Release|Any CPU.Build.0 = Release|Any CPU
	EndGlobalSection
	GlobalSection(SolutionProperties) = preSolution
		HideSolutionNode = FALSE
	EndGlobalSection
	GlobalSection(ExtensibilityGlobals) = postSolution
		SolutionGuid = {2E4A0475-7329-4FD5-8219-F83D45C61154}
	EndGlobalSection
EndGlobal
