
Microsoft Visual Studio Solution File, Format Version 12.00
# Visual Studio 15
VisualStudioVersion = 15.0.27130.2003
MinimumVisualStudioVersion = 10.0.40219.1
Project("{FAE04EC0-301F-11D3-BF4B-00C04F79EFBC}") = "PetsLostAndFound.Models", "PetsLostAndFound.Models\PetsLostAndFound.Models.csproj", "{018CCE14-C180-4DAE-A934-9BD3A8816A0C}"
EndProject
Global
	GlobalSection(SolutionConfigurationPlatforms) = preSolution
		Debug|Any CPU = Debug|Any CPU
		Release|Any CPU = Release|Any CPU
	EndGlobalSection
	GlobalSection(ProjectConfigurationPlatforms) = postSolution
		{018CCE14-C180-4DAE-A934-9BD3A8816A0C}.Debug|Any CPU.ActiveCfg = Debug|Any CPU
		{018CCE14-C180-4DAE-A934-9BD3A8816A0C}.Debug|Any CPU.Build.0 = Debug|Any CPU
		{018CCE14-C180-4DAE-A934-9BD3A8816A0C}.Release|Any CPU.ActiveCfg = Release|Any CPU
		{018CCE14-C180-4DAE-A934-9BD3A8816A0C}.Release|Any CPU.Build.0 = Release|Any CPU
	EndGlobalSection
	GlobalSection(SolutionProperties) = preSolution
		HideSolutionNode = FALSE
	EndGlobalSection
	GlobalSection(ExtensibilityGlobals) = postSolution
		SolutionGuid = {2E4A0475-7329-4FD5-8219-F83D45C61154}
	EndGlobalSection
EndGlobal
